<?xml version="1.0" encoding="utf-8"?>
<Project ToolsVersion="4.0" xmlns="http://schemas.microsoft.com/developer/msbuild/2003">
  <ItemGroup>
    <Filter Include="Source Files">
      <UniqueIdentifier>{4FC737F1-C7A5-4376-A066-2A32D752A2FF}</UniqueIdentifier>
      <Extensions>cpp;c;cc;cxx;def;odl;idl;hpj;bat;asm;asmx</Extensions>
    </Filter>
    <Filter Include="Header Files">
      <UniqueIdentifier>{93995380-89BD-4b04-88EB-625FBE52EBFB}</UniqueIdentifier>
      <Extensions>h;hh;hpp;hxx;hm;inl;inc;ipp;xsd</Extensions>
    </Filter>
    <Filter Include="Resource Files">
      <UniqueIdentifier>{67DA6AB6-F800-4c08-8B7A-83BB121AAD01}</UniqueIdentifier>
      <Extensions>rc;ico;cur;bmp;dlg;rc2;rct;bin;rgs;gif;jpg;jpeg;jpe;resx;tiff;tif;png;wav;mfcribbon-ms</Extensions>
    </Filter>
    <Filter Include="shaders">
      <UniqueIdentifier>{224257bc-239a-4205-bd8e-d78aea67e739}</UniqueIdentifier>
    </Filter>
    <Filter Include="Header Files\Common">
      <UniqueIdentifier>{678aaf1b-a71c-457b-92dc-e838cca15e39}</UniqueIdentifier>
    </Filter>
    <Filter Include="Source Files\Common">
      <UniqueIdentifier>{07870556-1ed7-4a0a-9054-d69fcadd2474}</UniqueIdentifier>
    </Filter>
    <Filter Include="Header Files\LitWave">
      <UniqueIdentifier>{d246db57-3d46-4613-8e68-1f38886371a4}</UniqueIdentifier>
    </Filter>
    <Filter Include="Source Files\LitWave">
      <UniqueIdentifier>{ef02957e-f75e-401c-9c18-ee4f1ddc8d3b}</UniqueIdentifier>
    </Filter>
    <Filter Include="Header Files\Blend">
      <UniqueIdentifier>{be21f845-1ae8-4cd4-a91c-ea6deca300af}</UniqueIdentifier>
    </Filter>
    <Filter Include="Source Files\Blend">
      <UniqueIdentifier>{c129def2-c595-4cef-b158-138f10f88fc9}</UniqueIdentifier>
    </Filter>
    <Filter Include="Header Files\Stencil">
      <UniqueIdentifier>{d8e13870-0f05-4ae4-849e-5302a918bc56}</UniqueIdentifier>
    </Filter>
    <Filter Include="Source Files\Stencil">
      <UniqueIdentifier>{eb75c4c6-8cfc-43f7-be70-b4e48b235aa0}</UniqueIdentifier>
    </Filter>
    <Filter Include="Header Files\CS">
      <UniqueIdentifier>{cc559817-c3c2-4dc6-b25c-259c258a3108}</UniqueIdentifier>
    </Filter>
    <Filter Include="Source Files\CS">
      <UniqueIdentifier>{fc495514-7d58-4075-93b8-655d3d50b5af}</UniqueIdentifier>
    </Filter>
    <Filter Include="Header Files\Tessellation">
      <UniqueIdentifier>{e0e83580-67b0-47d4-97e1-627cafe0d606}</UniqueIdentifier>
    </Filter>
    <Filter Include="Source Files\Tessellation">
      <UniqueIdentifier>{479a8315-65aa-49b8-99fa-0fabb8bba623}</UniqueIdentifier>
    </Filter>
    <Filter Include="Header Files\CameraAndDynamicIndex">
      <UniqueIdentifier>{3fd159ad-928f-4d79-86b7-289bd42579a7}</UniqueIdentifier>
    </Filter>
    <Filter Include="Source Files\CameraAndDynamicIndex">
      <UniqueIdentifier>{b505759b-45b6-480d-aea1-3425c77caacf}</UniqueIdentifier>
    </Filter>
    <Filter Include="Header Files\InstanceAndCull">
      <UniqueIdentifier>{8ff6a977-0286-4029-8fe8-b48c13581280}</UniqueIdentifier>
    </Filter>
    <Filter Include="Source Files\InstanceAndCull">
      <UniqueIdentifier>{a924685f-70ed-4095-a1c1-6478aa3878fb}</UniqueIdentifier>
    </Filter>
    <Filter Include="Source Files\Picking">
      <UniqueIdentifier>{984ee333-1b75-47b3-a1fc-3cc770df5b88}</UniqueIdentifier>
    </Filter>
    <Filter Include="Header Files\Picking">
      <UniqueIdentifier>{919c9051-3837-49be-9d8f-1def5fc447e0}</UniqueIdentifier>
    </Filter>
  </ItemGroup>
  <ItemGroup>
    <ClInclude Include="stdafx.h">
      <Filter>Header Files</Filter>
    </ClInclude>
    <ClInclude Include="targetver.h">
      <Filter>Header Files</Filter>
    </ClInclude>
    <ClInclude Include="Resource.h">
      <Filter>Header Files</Filter>
    </ClInclude>
    <ClInclude Include="EngineMain.h">
      <Filter>Header Files</Filter>
    </ClInclude>
    <ClInclude Include="Common\GameTimer.h">
      <Filter>Header Files\Common</Filter>
    </ClInclude>
    <ClInclude Include="Common\D3DApp.h">
      <Filter>Header Files\Common</Filter>
    </ClInclude>
    <ClInclude Include="Common\d3dUtil.h">
      <Filter>Header Files\Common</Filter>
    </ClInclude>
    <ClInclude Include="Common\d3dx12.h">
      <Filter>Header Files\Common</Filter>
    </ClInclude>
    <ClInclude Include="Common\DXSampleHelper.h">
      <Filter>Header Files\Common</Filter>
    </ClInclude>
    <ClInclude Include="BoxApp.h">
      <Filter>Header Files</Filter>
    </ClInclude>
    <ClInclude Include="Common\UploadBuffer.h">
      <Filter>Header Files\Common</Filter>
    </ClInclude>
    <ClInclude Include="Common\MathHelper.h">
      <Filter>Header Files\Common</Filter>
    </ClInclude>
    <ClInclude Include="Common\FrameResource.h">
      <Filter>Header Files\Common</Filter>
    </ClInclude>
    <ClInclude Include="ShapesApp.h">
      <Filter>Header Files</Filter>
    </ClInclude>
    <ClInclude Include="Common\GeometryGenerator.h">
      <Filter>Header Files\Common</Filter>
    </ClInclude>
    <ClInclude Include="LandAndWaveApp.h">
      <Filter>Header Files</Filter>
    </ClInclude>
    <ClInclude Include="LitWave\FrameResource_LitWave.h">
      <Filter>Header Files\LitWave</Filter>
    </ClInclude>
    <ClInclude Include="LitWave\LitWavesApp.h">
      <Filter>Header Files\LitWave</Filter>
    </ClInclude>
    <ClInclude Include="Common\Waves.h">
      <Filter>Header Files\Common</Filter>
    </ClInclude>
    <ClInclude Include="LitWave\LitColumnsApp.h">
      <Filter>Header Files\LitWave</Filter>
    </ClInclude>
    <ClInclude Include="Common\DDSTextureLoader.h">
      <Filter>Header Files\Common</Filter>
    </ClInclude>
    <ClInclude Include="Blend\FrameResource_Blend.h">
      <Filter>Header Files\Blend</Filter>
    </ClInclude>
    <ClInclude Include="Blend\BlendApp.h">
      <Filter>Header Files\Blend</Filter>
    </ClInclude>
    <ClInclude Include="Stencil\FrameResource_Stencil.h">
      <Filter>Header Files\Stencil</Filter>
    </ClInclude>
    <ClInclude Include="Stencil\StencilApp.h">
      <Filter>Header Files\Stencil</Filter>
    </ClInclude>
    <ClInclude Include="Blend\GeometryShaderApp.h">
      <Filter>Header Files\Blend</Filter>
    </ClInclude>
    <ClInclude Include="CS\VecAddApp.h">
      <Filter>Header Files\CS</Filter>
    </ClInclude>
    <ClInclude Include="CS\FrameResource_CS.h">
      <Filter>Header Files\CS</Filter>
    </ClInclude>
    <ClInclude Include="CS\WavesCsApp.h">
      <Filter>Header Files\CS</Filter>
    </ClInclude>
    <ClInclude Include="CS\GPUWave.h">
      <Filter>Header Files\CS</Filter>
    </ClInclude>
    <ClInclude Include="CS\BlurCSApp.h">
      <Filter>Header Files\CS</Filter>
    </ClInclude>
    <ClInclude Include="CS\BlurFilter.h">
      <Filter>Header Files\CS</Filter>
    </ClInclude>
    <ClInclude Include="Tessellation\FrameResource_Tessellation.h">
      <Filter>Header Files\Tessellation</Filter>
    </ClInclude>
    <ClInclude Include="Tessellation\BasicTessellation.h">
      <Filter>Header Files\Tessellation</Filter>
    </ClInclude>
    <ClInclude Include="Tessellation\BezierPatchApp.h">
      <Filter>Header Files\Tessellation</Filter>
    </ClInclude>
    <ClInclude Include="CameraAndDynamicIndex\FrameResource_CameraDyIndex.h">
      <Filter>Header Files\CameraAndDynamicIndex</Filter>
    </ClInclude>
    <ClInclude Include="CameraAndDynamicIndex\CameraAndDynamicIndexApp.h">
      <Filter>Header Files\CameraAndDynamicIndex</Filter>
    </ClInclude>
    <ClInclude Include="Common\Camera.h">
      <Filter>Header Files\Common</Filter>
    </ClInclude>
    <ClInclude Include="InstanceAndCull\FrameResrouce_Instance.h">
      <Filter>Header Files\InstanceAndCull</Filter>
    </ClInclude>
    <ClInclude Include="InstanceAndCull\InstanceAndCullApp.h">
      <Filter>Header Files\InstanceAndCull</Filter>
    </ClInclude>
    <ClInclude Include="Picking\FrameResource_Picking.h">
      <Filter>Header Files\Picking</Filter>
    </ClInclude>
    <ClInclude Include="Picking\PickingApp.h">
      <Filter>Header Files\Picking</Filter>
    </ClInclude>
  </ItemGroup>
  <ItemGroup>
    <ClCompile Include="stdafx.cpp">
      <Filter>Source Files</Filter>
    </ClCompile>
    <ClCompile Include="EngineMain.cpp">
      <Filter>Source Files</Filter>
    </ClCompile>
    <ClCompile Include="Common\GameTimer.cpp">
      <Filter>Source Files\Common</Filter>
    </ClCompile>
    <ClCompile Include="Common\D3DApp.cpp">
      <Filter>Source Files\Common</Filter>
    </ClCompile>
    <ClCompile Include="Common\d3dUtil.cpp">
      <Filter>Source Files\Common</Filter>
    </ClCompile>
    <ClCompile Include="BoxApp.cpp">
      <Filter>Source Files</Filter>
    </ClCompile>
    <ClCompile Include="Common\MathHelp.cpp">
      <Filter>Source Files\Common</Filter>
    </ClCompile>
    <ClCompile Include="Common\FrameResource.cpp">
      <Filter>Source Files\Common</Filter>
    </ClCompile>
    <ClCompile Include="ShapesApp.cpp">
      <Filter>Source Files</Filter>
    </ClCompile>
    <ClCompile Include="Common\GeometryGenerator.cpp">
      <Filter>Source Files\Common</Filter>
    </ClCompile>
    <ClCompile Include="LandAndWaveApp.cpp">
      <Filter>Source Files</Filter>
    </ClCompile>
    <ClCompile Include="LitWave\FrameResource_LitWave.cpp">
      <Filter>Source Files\LitWave</Filter>
    </ClCompile>
    <ClCompile Include="LitWave\LitWavesApp.cpp">
      <Filter>Source Files\LitWave</Filter>
    </ClCompile>
    <ClCompile Include="Common\Waves.cpp">
      <Filter>Source Files\Common</Filter>
    </ClCompile>
    <ClCompile Include="LitWave\LitColumnsApp.cpp">
      <Filter>Source Files\LitWave</Filter>
    </ClCompile>
    <ClCompile Include="Common\DDSTextureLoader.cpp">
      <Filter>Source Files\Common</Filter>
    </ClCompile>
    <ClCompile Include="Blend\FrameResource_Blend.cpp">
      <Filter>Source Files\Blend</Filter>
    </ClCompile>
    <ClCompile Include="Blend\BlendApp.cpp">
      <Filter>Source Files\Blend</Filter>
    </ClCompile>
    <ClCompile Include="Stencil\FrameResource_Stencil.cpp">
      <Filter>Source Files\Stencil</Filter>
    </ClCompile>
    <ClCompile Include="Stencil\StencilApp.cpp">
      <Filter>Source Files\Stencil</Filter>
    </ClCompile>
    <ClCompile Include="Blend\GeometryShaderApp.cpp">
      <Filter>Source Files\Blend</Filter>
    </ClCompile>
    <ClCompile Include="CS\VecAddApp.cpp">
      <Filter>Source Files\CS</Filter>
    </ClCompile>
    <ClCompile Include="CS\FrameResource_CS.cpp">
      <Filter>Source Files\CS</Filter>
    </ClCompile>
    <ClCompile Include="CS\WavesCsApp.cpp">
      <Filter>Source Files\CS</Filter>
    </ClCompile>
    <ClCompile Include="CS\GPUWave.cpp">
      <Filter>Source Files\CS</Filter>
    </ClCompile>
    <ClCompile Include="CS\BlurCSApp.cpp">
      <Filter>Source Files\CS</Filter>
    </ClCompile>
    <ClCompile Include="CS\BlurFilter.cpp">
      <Filter>Source Files\CS</Filter>
    </ClCompile>
    <ClCompile Include="Tessellation\FrameResource_Tessellation.cpp">
      <Filter>Source Files\Tessellation</Filter>
    </ClCompile>
    <ClCompile Include="Tessellation\BasicTessellation.cpp">
      <Filter>Source Files\Tessellation</Filter>
    </ClCompile>
    <ClCompile Include="Tessellation\BezierPatchApp.cpp">
      <Filter>Source Files\Tessellation</Filter>
    </ClCompile>
    <ClCompile Include="CameraAndDynamicIndex\FrameResource_CameraDyIndex.cpp">
      <Filter>Source Files\CameraAndDynamicIndex</Filter>
    </ClCompile>
    <ClCompile Include="CameraAndDynamicIndex\CameraAndDynamicIndexApp.cpp">
      <Filter>Source Files\CameraAndDynamicIndex</Filter>
    </ClCompile>
    <ClCompile Include="Common\Camera.cpp">
      <Filter>Source Files\Common</Filter>
    </ClCompile>
    <ClCompile Include="InstanceAndCull\FrameResource_Instance.cpp">
      <Filter>Source Files\InstanceAndCull</Filter>
    </ClCompile>
    <ClCompile Include="InstanceAndCull\InstanceAndCullApp.cpp">
      <Filter>Source Files\InstanceAndCull</Filter>
    </ClCompile>
    <ClCompile Include="Picking\FrameResource_Picking.cpp">
      <Filter>Source Files\Picking</Filter>
    </ClCompile>
    <ClCompile Include="Picking\PickingApp.cpp">
      <Filter>Source Files\Picking</Filter>
    </ClCompile>
  </ItemGroup>
  <ItemGroup>
    <ResourceCompile Include="EngineMain.rc">
      <Filter>Resource Files</Filter>
    </ResourceCompile>
  </ItemGroup>
  <ItemGroup>
    <Image Include="small.ico">
      <Filter>Resource Files</Filter>
    </Image>
    <Image Include="EngineMain.ico">
      <Filter>Resource Files</Filter>
    </Image>
  </ItemGroup>
  <ItemGroup>
    <FxCompile Include="shaders\Box_color.hlsl">
      <Filter>shaders</Filter>
    </FxCompile>
    <FxCompile Include="shaders\landwave_color.hlsl">
      <Filter>shaders</Filter>
    </FxCompile>
    <FxCompile Include="shaders\LitWav_LightingUtil.hlsl">
      <Filter>shaders</Filter>
    </FxCompile>
    <FxCompile Include="shaders\LitWave_Default.hlsl">
      <Filter>shaders</Filter>
    </FxCompile>
    <FxCompile Include="shaders\shapes_color.hlsl">
      <Filter>shaders</Filter>
    </FxCompile>
    <FxCompile Include="shaders\Blend_Default.hlsl">
      <Filter>shaders</Filter>
    </FxCompile>
    <FxCompile Include="shaders\Blend_LightingUtil.hlsl">
      <Filter>shaders</Filter>
    </FxCompile>
    <FxCompile Include="shaders\Stencil_Default.hlsl">
      <Filter>shaders</Filter>
    </FxCompile>
    <FxCompile Include="shaders\Stencil_LightingUtil.hlsl">
      <Filter>shaders</Filter>
    </FxCompile>
    <FxCompile Include="shaders\GeometryShader_TreeSprite.hlsl">
      <Filter>shaders</Filter>
    </FxCompile>
    <FxCompile Include="shaders\CS_VecAdd.hlsl">
      <Filter>shaders</Filter>
    </FxCompile>
    <FxCompile Include="shaders\WaveCS_Default.hlsl">
      <Filter>shaders</Filter>
    </FxCompile>
    <FxCompile Include="shaders\WaveCS_LightingUtil.hlsl">
      <Filter>shaders</Filter>
    </FxCompile>
    <FxCompile Include="shaders\WaveCS_WaveSim.hlsl">
      <Filter>shaders</Filter>
    </FxCompile>
    <FxCompile Include="shaders\BlurCS_Blur.hlsl">
      <Filter>shaders</Filter>
    </FxCompile>
    <FxCompile Include="shaders\BlurCS_Default.hlsl">
      <Filter>shaders</Filter>
    </FxCompile>
    <FxCompile Include="shaders\BlurCS_LightingUtil.hlsl">
      <Filter>shaders</Filter>
    </FxCompile>
    <FxCompile Include="shaders\Tessellation_Basic.hlsl">
      <Filter>shaders</Filter>
    </FxCompile>
    <FxCompile Include="shaders\BezierTessellation.hlsl">
      <Filter>shaders</Filter>
    </FxCompile>
    <FxCompile Include="shaders\CameraDyIndex_Default.hlsl">
      <Filter>shaders</Filter>
    </FxCompile>
    <FxCompile Include="shaders\Instance_Default.hlsl">
      <Filter>shaders</Filter>
    </FxCompile>
  </ItemGroup>
</Project>