<?xml version="1.0" encoding="utf-8"?>
<Project ToolsVersion="4.0" xmlns="http://schemas.microsoft.com/developer/msbuild/2003">
  <ItemGroup>
    <Filter Include="源文件">
      <UniqueIdentifier>{4FC737F1-C7A5-4376-A066-2A32D752A2FF}</UniqueIdentifier>
      <Extensions>cpp;c;cc;cxx;c++;def;odl;idl;hpj;bat;asm;asmx</Extensions>
    </Filter>
    <Filter Include="头文件">
      <UniqueIdentifier>{93995380-89BD-4b04-88EB-625FBE52EBFB}</UniqueIdentifier>
      <Extensions>h;hh;hpp;hxx;h++;hm;inl;inc;ipp;xsd</Extensions>
    </Filter>
    <Filter Include="资源文件">
      <UniqueIdentifier>{67DA6AB6-F800-4c08-8B7A-83BB121AAD01}</UniqueIdentifier>
      <Extensions>rc;ico;cur;bmp;dlg;rc2;rct;bin;rgs;gif;jpg;jpeg;jpe;resx;tiff;tif;png;wav;mfcribbon-ms</Extensions>
    </Filter>
    <Filter Include="头文件\Misc">
      <UniqueIdentifier>{ae6565b0-7720-4142-af4f-3837f82fab95}</UniqueIdentifier>
    </Filter>
    <Filter Include="源文件\Misc">
      <UniqueIdentifier>{7fa99895-5273-4be9-9a6e-48207fa1e068}</UniqueIdentifier>
    </Filter>
    <Filter Include="头文件\Math">
      <UniqueIdentifier>{0d8d4175-27c4-4da9-9e2f-72b66b709f61}</UniqueIdentifier>
    </Filter>
    <Filter Include="源文件\Math">
      <UniqueIdentifier>{65b9eda3-24e9-4c8a-a70a-258014781866}</UniqueIdentifier>
    </Filter>
    <Filter Include="头文件\Graphics">
      <UniqueIdentifier>{991a99d7-55cf-480e-a1f5-4d833f13037a}</UniqueIdentifier>
    </Filter>
    <Filter Include="源文件\Graphics">
      <UniqueIdentifier>{c07da6ea-4f79-4d1f-a0a4-06ecb5f32993}</UniqueIdentifier>
    </Filter>
    <Filter Include="头文件\Graphics\Buffer">
      <UniqueIdentifier>{19fc5735-97cd-445a-8249-36c2ea56603d}</UniqueIdentifier>
    </Filter>
    <Filter Include="头文件\Graphics\RHI">
      <UniqueIdentifier>{15d09272-f4d0-4ac7-aee0-741f1585a765}</UniqueIdentifier>
    </Filter>
    <Filter Include="源文件\Graphics\Buffer">
      <UniqueIdentifier>{a9090ec1-1a96-44e8-8efa-97e2447797b3}</UniqueIdentifier>
    </Filter>
    <Filter Include="源文件\Graphics\RHI">
      <UniqueIdentifier>{6b0988e3-c7f9-44a1-a31f-44cf5b8e4906}</UniqueIdentifier>
    </Filter>
    <Filter Include="Shaders">
      <UniqueIdentifier>{e41925ad-7e00-425f-b0c7-e0eeac080856}</UniqueIdentifier>
    </Filter>
  </ItemGroup>
  <ItemGroup>
    <ClCompile Include="EngineCore.cpp">
      <Filter>源文件</Filter>
    </ClCompile>
    <ClCompile Include="pch.cpp">
      <Filter>源文件</Filter>
    </ClCompile>
    <ClCompile Include="GameCore.cpp">
      <Filter>源文件</Filter>
    </ClCompile>
    <ClCompile Include="Misc\GameTimer.cpp">
      <Filter>源文件\Misc</Filter>
    </ClCompile>
    <ClCompile Include="Misc\GameInput.cpp">
      <Filter>源文件\Misc</Filter>
    </ClCompile>
    <ClCompile Include="Misc\Utility.cpp">
      <Filter>源文件\Misc</Filter>
    </ClCompile>
    <ClCompile Include="Graphics\GraphicsCore.cpp">
      <Filter>源文件\Graphics</Filter>
    </ClCompile>
    <ClCompile Include="Graphics\Buffer\GPUBuffer.cpp">
      <Filter>源文件\Graphics\Buffer</Filter>
    </ClCompile>
    <ClCompile Include="Graphics\RHI\RootSignature.cpp">
      <Filter>源文件\Graphics\RHI</Filter>
    </ClCompile>
    <ClCompile Include="Graphics\RHI\CommandListManager.cpp">
      <Filter>源文件\Graphics\RHI</Filter>
    </ClCompile>
    <ClCompile Include="Graphics\RHI\CommandAllocatorPool.cpp">
      <Filter>源文件\Graphics\RHI</Filter>
    </ClCompile>
    <ClCompile Include="Graphics\RHI\CommandContext.cpp">
      <Filter>源文件\Graphics\RHI</Filter>
    </ClCompile>
    <ClCompile Include="Graphics\RHI\DescriptorHeap.cpp">
      <Filter>源文件\Graphics\RHI</Filter>
    </ClCompile>
    <ClCompile Include="Graphics\Buffer\BufferManager.cpp">
      <Filter>源文件\Graphics\Buffer</Filter>
    </ClCompile>
    <ClCompile Include="Graphics\RHI\CommandSignature.cpp">
      <Filter>源文件\Graphics\RHI</Filter>
    </ClCompile>
    <ClCompile Include="Misc\Camera.cpp">
      <Filter>源文件\Misc</Filter>
    </ClCompile>
    <ClCompile Include="Graphics\RHI\PipelineState.cpp">
      <Filter>源文件\Graphics\RHI</Filter>
    </ClCompile>
    <ClCompile Include="Graphics\Buffer\UploadBuffer.cpp">
      <Filter>源文件\Graphics\Buffer</Filter>
    </ClCompile>
    <ClCompile Include="Graphics\Buffer\PixelBuffer.cpp">
      <Filter>源文件\Graphics\Buffer</Filter>
    </ClCompile>
    <ClCompile Include="Graphics\Buffer\ColorBuffer.cpp">
      <Filter>源文件\Graphics\Buffer</Filter>
    </ClCompile>
    <ClCompile Include="Graphics\Buffer\Color.cpp">
      <Filter>源文件\Graphics\Buffer</Filter>
    </ClCompile>
    <ClCompile Include="Graphics\Buffer\DepthBuffer.cpp">
      <Filter>源文件\Graphics\Buffer</Filter>
    </ClCompile>
    <ClCompile Include="Graphics\Buffer\LinearAllocator.cpp">
      <Filter>源文件\Graphics\Buffer</Filter>
    </ClCompile>
    <ClCompile Include="Graphics\RHI\DynamicDescriptorHeap.cpp">
      <Filter>源文件\Graphics\RHI</Filter>
    </ClCompile>
    <ClCompile Include="Graphics\RHI\Display.cpp">
      <Filter>源文件\Graphics\RHI</Filter>
    </ClCompile>
    <ClCompile Include="Graphics\RHI\SamplerDesc.cpp">
      <Filter>源文件\Graphics\RHI</Filter>
    </ClCompile>
  </ItemGroup>
  <ItemGroup>
    <ClInclude Include="pch.h">
      <Filter>头文件</Filter>
    </ClInclude>
    <ClInclude Include="d3dx12.h">
      <Filter>头文件</Filter>
    </ClInclude>
    <ClInclude Include="GameCore.h">
      <Filter>头文件</Filter>
    </ClInclude>
    <ClInclude Include="Misc\GameTimer.h">
      <Filter>头文件\Misc</Filter>
    </ClInclude>
    <ClInclude Include="Misc\GameInput.h">
      <Filter>头文件\Misc</Filter>
    </ClInclude>
    <ClInclude Include="Misc\Utility.h">
      <Filter>头文件\Misc</Filter>
    </ClInclude>
    <ClInclude Include="Math\Common.h">
      <Filter>头文件\Math</Filter>
    </ClInclude>
    <ClInclude Include="Graphics\GraphicsCore.h">
      <Filter>头文件\Graphics</Filter>
    </ClInclude>
    <ClInclude Include="Graphics\EsramAllocator.h">
      <Filter>头文件\Graphics</Filter>
    </ClInclude>
    <ClInclude Include="Graphics\Buffer\Color.h">
      <Filter>头文件\Graphics\Buffer</Filter>
    </ClInclude>
    <ClInclude Include="Graphics\Buffer\ColorBuffer.h">
      <Filter>头文件\Graphics\Buffer</Filter>
    </ClInclude>
    <ClInclude Include="Graphics\Buffer\DepthBuffer.h">
      <Filter>头文件\Graphics\Buffer</Filter>
    </ClInclude>
    <ClInclude Include="Graphics\Buffer\GPUBuffer.h">
      <Filter>头文件\Graphics\Buffer</Filter>
    </ClInclude>
    <ClInclude Include="Graphics\Buffer\GPUResource.h">
      <Filter>头文件\Graphics\Buffer</Filter>
    </ClInclude>
    <ClInclude Include="Graphics\Buffer\PixelBuffer.h">
      <Filter>头文件\Graphics\Buffer</Filter>
    </ClInclude>
    <ClInclude Include="Graphics\RHI\RootSignature.h">
      <Filter>头文件\Graphics\RHI</Filter>
    </ClInclude>
    <ClInclude Include="Graphics\RHI\CommandListManager.h">
      <Filter>头文件\Graphics\RHI</Filter>
    </ClInclude>
    <ClInclude Include="Graphics\RHI\CommandAllocatorPool.h">
      <Filter>头文件\Graphics\RHI</Filter>
    </ClInclude>
    <ClInclude Include="Graphics\RHI\CommandContext.h">
      <Filter>头文件\Graphics\RHI</Filter>
    </ClInclude>
    <ClInclude Include="Graphics\RHI\DescriptorHeap.h">
      <Filter>头文件\Graphics\RHI</Filter>
    </ClInclude>
    <ClInclude Include="Graphics\Buffer\BufferManager.h">
      <Filter>头文件\Graphics\Buffer</Filter>
    </ClInclude>
    <ClInclude Include="Graphics\RHI\CommandSignature.h">
      <Filter>头文件\Graphics\RHI</Filter>
    </ClInclude>
    <ClInclude Include="Misc\Camera.h">
      <Filter>头文件\Misc</Filter>
    </ClInclude>
    <ClInclude Include="Graphics\RHI\PipelineState.h">
      <Filter>头文件\Graphics\RHI</Filter>
    </ClInclude>
    <ClInclude Include="Graphics\Buffer\UploadBuffer.h">
      <Filter>头文件\Graphics\Buffer</Filter>
    </ClInclude>
    <ClInclude Include="Graphics\Buffer\LinearAllocator.h">
      <Filter>头文件\Graphics\Buffer</Filter>
    </ClInclude>
    <ClInclude Include="Graphics\RHI\DynamicDescriptorHeap.h">
      <Filter>头文件\Graphics\RHI</Filter>
    </ClInclude>
    <ClInclude Include="Graphics\RHI\Display.h">
      <Filter>头文件\Graphics\RHI</Filter>
    </ClInclude>
    <ClInclude Include="Graphics\RHI\SamplerDesc.h">
      <Filter>头文件\Graphics\RHI</Filter>
    </ClInclude>
  </ItemGroup>
  <ItemGroup>
    <FxCompile Include="Shaders\ScreenQuadVS.hlsl">
      <Filter>Shaders</Filter>
    </FxCompile>
    <FxCompile Include="Shaders\PresentSDRPS.hlsl">
      <Filter>Shaders</Filter>
    </FxCompile>
  </ItemGroup>
  <ItemGroup>
    <None Include="Shaders\ShaderUtility.hlsli">
      <Filter>Shaders</Filter>
    </None>
  </ItemGroup>
</Project>