<?xml version="1.0" encoding="utf-8"?>
<Project ToolsVersion="4.0" xmlns="http://schemas.microsoft.com/developer/msbuild/2003">
  <ItemGroup>
    <Filter Include="源文件">
      <UniqueIdentifier>{4FC737F1-C7A5-4376-A066-2A32D752A2FF}</UniqueIdentifier>
      <Extensions>cpp;c;cc;cxx;c++;def;odl;idl;hpj;bat;asm;asmx</Extensions>
    </Filter>
    <Filter Include="头文件">
      <UniqueIdentifier>{93995380-89BD-4b04-88EB-625FBE52EBFB}</UniqueIdentifier>
      <Extensions>h;hh;hpp;hxx;h++;hm;inl;inc;ipp;xsd</Extensions>
    </Filter>
    <Filter Include="资源文件">
      <UniqueIdentifier>{67DA6AB6-F800-4c08-8B7A-83BB121AAD01}</UniqueIdentifier>
      <Extensions>rc;ico;cur;bmp;dlg;rc2;rct;bin;rgs;gif;jpg;jpeg;jpe;resx;tiff;tif;png;wav;mfcribbon-ms</Extensions>
    </Filter>
    <Filter Include="Shaders">
      <UniqueIdentifier>{d5393531-9edf-414e-869f-fb299fca621e}</UniqueIdentifier>
    </Filter>
    <Filter Include="头文件\RHI">
      <UniqueIdentifier>{959d36bf-87e4-49a0-8b3c-7525d25accfb}</UniqueIdentifier>
    </Filter>
    <Filter Include="头文件\RHI\D3D12">
      <UniqueIdentifier>{b9d0bfeb-b800-448c-adce-b7a09e996664}</UniqueIdentifier>
    </Filter>
    <Filter Include="源文件\RHI">
      <UniqueIdentifier>{66368ed3-1c54-4eeb-9dda-c1ee2218b4c0}</UniqueIdentifier>
    </Filter>
    <Filter Include="源文件\RHI\D3D12">
      <UniqueIdentifier>{86e39a44-6148-4a93-8536-77a89832c3ad}</UniqueIdentifier>
    </Filter>
  </ItemGroup>
  <ItemGroup>
    <ClInclude Include="targetver.h">
      <Filter>头文件</Filter>
    </ClInclude>
    <ClInclude Include="Resource.h">
      <Filter>头文件</Filter>
    </ClInclude>
    <ClInclude Include="RHI\RHIContext.h">
      <Filter>头文件\RHI</Filter>
    </ClInclude>
    <ClInclude Include="RHI\D3D12\RHIContext_D3D12.h">
      <Filter>头文件\RHI\D3D12</Filter>
    </ClInclude>
    <ClInclude Include="GameCore.h">
      <Filter>头文件</Filter>
    </ClInclude>
    <ClInclude Include="WinApp.h">
      <Filter>头文件</Filter>
    </ClInclude>
    <ClInclude Include="Renderer.h">
      <Filter>头文件</Filter>
    </ClInclude>
    <ClInclude Include="RHI\D3D12\RHIResource_D3D12.h">
      <Filter>头文件\RHI\D3D12</Filter>
    </ClInclude>
    <ClInclude Include="RHI\D3D12\RHIGraphicsPipelineState_D3D12.h">
      <Filter>头文件\RHI\D3D12</Filter>
    </ClInclude>
    <ClInclude Include="RHI\D3D12\RHIShaderResource_D3D12.h">
      <Filter>头文件\RHI\D3D12</Filter>
    </ClInclude>
    <ClInclude Include="RHI\D3D12\RHIVertexBuffer_D3D12.h">
      <Filter>头文件\RHI\D3D12</Filter>
    </ClInclude>
    <ClInclude Include="RHI\D3D12\RHIIndexBuffer_D3D12.h">
      <Filter>头文件\RHI\D3D12</Filter>
    </ClInclude>
    <ClInclude Include="RHI\D3D12\RHIResourceHandle_D3D12.h">
      <Filter>头文件\RHI\D3D12</Filter>
    </ClInclude>
    <ClInclude Include="Utilities.h">
      <Filter>头文件</Filter>
    </ClInclude>
    <ClInclude Include="MeshActor.h">
      <Filter>头文件</Filter>
    </ClInclude>
    <ClInclude Include="RHI\D3D12\RHIRenderingItem_D3D12.h">
      <Filter>头文件\RHI\D3D12</Filter>
    </ClInclude>
    <ClInclude Include="RHI\D3D12\RHIConstantBuffer_D3D12.h">
      <Filter>头文件\RHI\D3D12</Filter>
    </ClInclude>
    <ClInclude Include="RHI\D3D12\d3dx12.h">
      <Filter>头文件\RHI\D3D12</Filter>
    </ClInclude>
    <ClInclude Include="RHI\D3D12\RHIUploadBuffer_D3D12.h">
      <Filter>头文件\RHI\D3D12</Filter>
    </ClInclude>
    <ClInclude Include="RenderThread.h">
      <Filter>头文件</Filter>
    </ClInclude>
    <ClInclude Include="Camera.h">
      <Filter>头文件</Filter>
    </ClInclude>
    <ClInclude Include="RenderThreadManager.h">
      <Filter>头文件</Filter>
    </ClInclude>
    <ClInclude Include="RHI\RHIColorResource.h">
      <Filter>头文件\RHI</Filter>
    </ClInclude>
    <ClInclude Include="RHI\RHIResource.h">
      <Filter>头文件\RHI</Filter>
    </ClInclude>
    <ClInclude Include="RHI\RHIDepthResource.h">
      <Filter>头文件\RHI</Filter>
    </ClInclude>
    <ClInclude Include="RHI\D3D12\RHIDepthResource_D3D12.h">
      <Filter>头文件\RHI\D3D12</Filter>
    </ClInclude>
    <ClInclude Include="ShadowMap.h">
      <Filter>头文件</Filter>
    </ClInclude>
    <ClInclude Include="RHI\RHIResourceHandle.h">
      <Filter>头文件\RHI</Filter>
    </ClInclude>
    <ClInclude Include="GameTimer.h">
      <Filter>头文件</Filter>
    </ClInclude>
  </ItemGroup>
  <ItemGroup>
    <ClCompile Include="RHI\RHIContext.cpp">
      <Filter>源文件\RHI</Filter>
    </ClCompile>
    <ClCompile Include="GameCore.cpp">
      <Filter>源文件</Filter>
    </ClCompile>
    <ClCompile Include="WinApp.cpp">
      <Filter>源文件</Filter>
    </ClCompile>
    <ClCompile Include="Renderer.cpp">
      <Filter>源文件</Filter>
    </ClCompile>
    <ClCompile Include="RenderCore.cpp">
      <Filter>源文件</Filter>
    </ClCompile>
    <ClCompile Include="Camera.cpp">
      <Filter>源文件</Filter>
    </ClCompile>
    <ClCompile Include="RenderThreadManager.cpp">
      <Filter>源文件</Filter>
    </ClCompile>
    <ClCompile Include="RHI\D3D12\RHIContext_D3D12.cpp">
      <Filter>源文件\RHI\D3D12</Filter>
    </ClCompile>
    <ClCompile Include="GameTimer.cpp">
      <Filter>源文件\RHI</Filter>
    </ClCompile>
    <ClCompile Include="ShadowMap.cpp">
      <Filter>源文件</Filter>
    </ClCompile>
  </ItemGroup>
  <ItemGroup>
    <ResourceCompile Include="RenderCore.rc">
      <Filter>资源文件</Filter>
    </ResourceCompile>
  </ItemGroup>
  <ItemGroup>
    <Image Include="small.ico">
      <Filter>资源文件</Filter>
    </Image>
    <Image Include="RenderCore.ico">
      <Filter>资源文件</Filter>
    </Image>
  </ItemGroup>
  <ItemGroup>
    <FxCompile Include="Shaders\BasePassPS.hlsl">
      <Filter>Shaders</Filter>
    </FxCompile>
    <FxCompile Include="Shaders\BasePassVS.hlsl">
      <Filter>Shaders</Filter>
    </FxCompile>
  </ItemGroup>
  <ItemGroup>
    <None Include="Shaders\Lighting.hlsli">
      <Filter>Shaders</Filter>
    </None>
    <None Include="Shaders\BasePassRS.hlsli">
      <Filter>Shaders</Filter>
    </None>
  </ItemGroup>
</Project>