<?xml version="1.0" encoding="utf-8"?>
<Project ToolsVersion="4.0" xmlns="http://schemas.microsoft.com/developer/msbuild/2003">
  <ItemGroup>
    <Filter Include="源文件">
      <UniqueIdentifier>{4FC737F1-C7A5-4376-A066-2A32D752A2FF}</UniqueIdentifier>
      <Extensions>cpp;c;cc;cxx;c++;def;odl;idl;hpj;bat;asm;asmx</Extensions>
    </Filter>
    <Filter Include="头文件">
      <UniqueIdentifier>{93995380-89BD-4b04-88EB-625FBE52EBFB}</UniqueIdentifier>
      <Extensions>h;hh;hpp;hxx;h++;hm;inl;inc;ipp;xsd</Extensions>
    </Filter>
    <Filter Include="资源文件">
      <UniqueIdentifier>{67DA6AB6-F800-4c08-8B7A-83BB121AAD01}</UniqueIdentifier>
      <Extensions>rc;ico;cur;bmp;dlg;rc2;rct;bin;rgs;gif;jpg;jpeg;jpe;resx;tiff;tif;png;wav;mfcribbon-ms</Extensions>
    </Filter>
    <Filter Include="Shaders">
      <UniqueIdentifier>{d5393531-9edf-414e-869f-fb299fca621e}</UniqueIdentifier>
    </Filter>
    <Filter Include="头文件\Game">
      <UniqueIdentifier>{cc48dd8a-ab63-4fab-ac49-959b70adbc1d}</UniqueIdentifier>
    </Filter>
    <Filter Include="头文件\Render">
      <UniqueIdentifier>{5e1995de-190e-4df1-9395-5329e74fc019}</UniqueIdentifier>
    </Filter>
    <Filter Include="源文件\Game">
      <UniqueIdentifier>{7eacb7fb-1c68-4588-88ea-8d0707a89e1d}</UniqueIdentifier>
    </Filter>
    <Filter Include="源文件\Render">
      <UniqueIdentifier>{45302f06-ef61-4d49-b5d7-88b24098bd23}</UniqueIdentifier>
    </Filter>
    <Filter Include="源文件\Render\RHI">
      <UniqueIdentifier>{66368ed3-1c54-4eeb-9dda-c1ee2218b4c0}</UniqueIdentifier>
    </Filter>
    <Filter Include="源文件\Render\RHI\D3D12">
      <UniqueIdentifier>{86e39a44-6148-4a93-8536-77a89832c3ad}</UniqueIdentifier>
    </Filter>
    <Filter Include="头文件\Render\RHI">
      <UniqueIdentifier>{959d36bf-87e4-49a0-8b3c-7525d25accfb}</UniqueIdentifier>
    </Filter>
    <Filter Include="头文件\Render\RHI\D3D12">
      <UniqueIdentifier>{b9d0bfeb-b800-448c-adce-b7a09e996664}</UniqueIdentifier>
    </Filter>
    <Filter Include="头文件\Math">
      <UniqueIdentifier>{3b8d2aa7-62b6-495b-b575-370962fbfbf8}</UniqueIdentifier>
    </Filter>
  </ItemGroup>
  <ItemGroup>
    <ClInclude Include="targetver.h">
      <Filter>头文件</Filter>
    </ClInclude>
    <ClInclude Include="Resource.h">
      <Filter>头文件</Filter>
    </ClInclude>
    <ClInclude Include="WinApp.h">
      <Filter>头文件</Filter>
    </ClInclude>
    <ClInclude Include="Utilities.h">
      <Filter>头文件</Filter>
    </ClInclude>
    <ClInclude Include="pch.h">
      <Filter>头文件</Filter>
    </ClInclude>
    <ClInclude Include="Game\Camera.h">
      <Filter>头文件\Game</Filter>
    </ClInclude>
    <ClInclude Include="Game\GameCore.h">
      <Filter>头文件\Game</Filter>
    </ClInclude>
    <ClInclude Include="Game\GameTimer.h">
      <Filter>头文件\Game</Filter>
    </ClInclude>
    <ClInclude Include="Game\StaticMeshActor.h">
      <Filter>头文件\Game</Filter>
    </ClInclude>
    <ClInclude Include="Render\Renderer.h">
      <Filter>头文件\Render</Filter>
    </ClInclude>
    <ClInclude Include="Render\RenderThread.h">
      <Filter>头文件\Render</Filter>
    </ClInclude>
    <ClInclude Include="Render\RenderThreadManager.h">
      <Filter>头文件\Render</Filter>
    </ClInclude>
    <ClInclude Include="Render\ShadowMap.h">
      <Filter>头文件\Render</Filter>
    </ClInclude>
    <ClInclude Include="Render\RHI\RHIColorResource.h">
      <Filter>头文件\Render\RHI</Filter>
    </ClInclude>
    <ClInclude Include="Render\RHI\RHIContext.h">
      <Filter>头文件\Render\RHI</Filter>
    </ClInclude>
    <ClInclude Include="Render\RHI\RHIDepthResource.h">
      <Filter>头文件\Render\RHI</Filter>
    </ClInclude>
    <ClInclude Include="Render\RHI\RHIResource.h">
      <Filter>头文件\Render\RHI</Filter>
    </ClInclude>
    <ClInclude Include="Render\RHI\RHIResourceHandle.h">
      <Filter>头文件\Render\RHI</Filter>
    </ClInclude>
    <ClInclude Include="Render\RHI\D3D12\d3dx12.h">
      <Filter>头文件\Render\RHI\D3D12</Filter>
    </ClInclude>
    <ClInclude Include="Render\RHI\D3D12\RHIConstantBuffer_D3D12.h">
      <Filter>头文件\Render\RHI\D3D12</Filter>
    </ClInclude>
    <ClInclude Include="Render\RHI\D3D12\RHIContext_D3D12.h">
      <Filter>头文件\Render\RHI\D3D12</Filter>
    </ClInclude>
    <ClInclude Include="Render\RHI\D3D12\RHIDepthResource_D3D12.h">
      <Filter>头文件\Render\RHI\D3D12</Filter>
    </ClInclude>
    <ClInclude Include="Render\RHI\D3D12\RHIGraphicsPipelineState_D3D12.h">
      <Filter>头文件\Render\RHI\D3D12</Filter>
    </ClInclude>
    <ClInclude Include="Render\RHI\D3D12\RHIIndexBuffer_D3D12.h">
      <Filter>头文件\Render\RHI\D3D12</Filter>
    </ClInclude>
    <ClInclude Include="Render\RHI\D3D12\RHIRenderingItem_D3D12.h">
      <Filter>头文件\Render\RHI\D3D12</Filter>
    </ClInclude>
    <ClInclude Include="Render\RHI\D3D12\RHIResource_D3D12.h">
      <Filter>头文件\Render\RHI\D3D12</Filter>
    </ClInclude>
    <ClInclude Include="Render\RHI\D3D12\RHIResourceHandle_D3D12.h">
      <Filter>头文件\Render\RHI\D3D12</Filter>
    </ClInclude>
    <ClInclude Include="Render\RHI\D3D12\RHIShaderResource_D3D12.h">
      <Filter>头文件\Render\RHI\D3D12</Filter>
    </ClInclude>
    <ClInclude Include="Render\RHI\D3D12\RHIUploadBuffer_D3D12.h">
      <Filter>头文件\Render\RHI\D3D12</Filter>
    </ClInclude>
    <ClInclude Include="Render\RHI\D3D12\RHIVertexBuffer_D3D12.h">
      <Filter>头文件\Render\RHI\D3D12</Filter>
    </ClInclude>
    <ClInclude Include="Math\Math.h">
      <Filter>头文件\Math</Filter>
    </ClInclude>
    <ClInclude Include="Game\SkeletalMeshActor.h">
      <Filter>头文件\Game</Filter>
    </ClInclude>
    <ClInclude Include="Game\SkinData.h">
      <Filter>头文件\Game</Filter>
    </ClInclude>
    <ClInclude Include="Game\ModelLoader.h">
      <Filter>头文件\Game</Filter>
    </ClInclude>
    <ClInclude Include="Engine.h">
      <Filter>头文件</Filter>
    </ClInclude>
    <ClInclude Include="Render\RHI\Formats.h">
      <Filter>头文件\Render\RHI</Filter>
    </ClInclude>
    <ClInclude Include="Render\RHI\D3D12\RHIColorResource_D3D12.h">
      <Filter>头文件\Render\RHI\D3D12</Filter>
    </ClInclude>
    <ClInclude Include="Render\RHI\RHIGraphicsPipelineState.h">
      <Filter>头文件\Render\RHI</Filter>
    </ClInclude>
    <ClInclude Include="Render\RHI\RHIRenderingMesh.h">
      <Filter>头文件\Render\RHI</Filter>
    </ClInclude>
    <ClInclude Include="Render\RHI\RHIVertexBuffer.h">
      <Filter>头文件\Render\RHI</Filter>
    </ClInclude>
    <ClInclude Include="Render\RHI\RHIIndexBuffer.h">
      <Filter>头文件\Render\RHI</Filter>
    </ClInclude>
    <ClInclude Include="Render\RHI\RHIConstantBuffer.h">
      <Filter>头文件\Render\RHI</Filter>
    </ClInclude>
    <ClInclude Include="Render\RHI\RHISamplerState.h">
      <Filter>头文件\Render\RHI</Filter>
    </ClInclude>
    <ClInclude Include="Render\RHI\RHIShaderParameter.h">
      <Filter>头文件\Render\RHI</Filter>
    </ClInclude>
    <ClInclude Include="Render\RHI\RHIShader.h">
      <Filter>头文件\Render\RHI</Filter>
    </ClInclude>
    <ClInclude Include="Render\RHI\RHIBlendState.h">
      <Filter>头文件\Render\RHI</Filter>
    </ClInclude>
    <ClInclude Include="Render\RHI\RHIDepthStencilState.h">
      <Filter>头文件\Render\RHI</Filter>
    </ClInclude>
    <ClInclude Include="Render\RHI\D3D12\FRHIShader_D3D12.h">
      <Filter>头文件\Render\RHI\D3D12</Filter>
    </ClInclude>
    <ClInclude Include="Render\PostProcessing.h">
      <Filter>头文件\Render</Filter>
    </ClInclude>
    <ClInclude Include="Render\RHI\RHIShaderInputElement.h">
      <Filter>头文件\Render\RHI</Filter>
    </ClInclude>
  </ItemGroup>
  <ItemGroup>
    <ClCompile Include="WinApp.cpp">
      <Filter>源文件</Filter>
    </ClCompile>
    <ClCompile Include="RenderCore.cpp">
      <Filter>源文件</Filter>
    </ClCompile>
    <ClCompile Include="pch.cpp">
      <Filter>源文件</Filter>
    </ClCompile>
    <ClCompile Include="Game\Camera.cpp">
      <Filter>源文件\Game</Filter>
    </ClCompile>
    <ClCompile Include="Game\GameCore.cpp">
      <Filter>源文件\Game</Filter>
    </ClCompile>
    <ClCompile Include="Game\GameTimer.cpp">
      <Filter>源文件\Game</Filter>
    </ClCompile>
    <ClCompile Include="Render\Renderer.cpp">
      <Filter>源文件\Render</Filter>
    </ClCompile>
    <ClCompile Include="Render\RenderThreadManager.cpp">
      <Filter>源文件\Render</Filter>
    </ClCompile>
    <ClCompile Include="Render\ShadowMap.cpp">
      <Filter>源文件\Render</Filter>
    </ClCompile>
    <ClCompile Include="Render\RHI\RHIContext.cpp">
      <Filter>源文件\Render\RHI</Filter>
    </ClCompile>
    <ClCompile Include="Render\RHI\D3D12\RHIContext_D3D12.cpp">
      <Filter>源文件\Render\RHI\D3D12</Filter>
    </ClCompile>
    <ClCompile Include="Game\SkeletalMeshActor.cpp">
      <Filter>源文件\Game</Filter>
    </ClCompile>
    <ClCompile Include="Game\SkinData.cpp">
      <Filter>源文件\Game</Filter>
    </ClCompile>
    <ClCompile Include="Game\ModelLoader.cpp">
      <Filter>源文件\Game</Filter>
    </ClCompile>
    <ClCompile Include="Engine.cpp">
      <Filter>源文件</Filter>
    </ClCompile>
    <ClCompile Include="Render\RHI\D3D12\RHIRenderingItem_D3D12.cpp">
      <Filter>源文件\Render\RHI\D3D12</Filter>
    </ClCompile>
    <ClCompile Include="Render\RHI\D3D12\RHIResource_D3D12.cpp">
      <Filter>源文件\Render\RHI\D3D12</Filter>
    </ClCompile>
    <ClCompile Include="Render\RHI\D3D12\RHIGraphicsPipelineState_D3D12.cpp">
      <Filter>源文件\Render\RHI\D3D12</Filter>
    </ClCompile>
    <ClCompile Include="Render\RHI\RHIGraphicsPipelineState.cpp">
      <Filter>源文件\Render\RHI</Filter>
    </ClCompile>
    <ClCompile Include="Render\RHI\D3D12\RHIShader_D3D12.cpp">
      <Filter>源文件\Render\RHI\D3D12</Filter>
    </ClCompile>
    <ClCompile Include="Render\PostProcessing.cpp">
      <Filter>源文件\Render</Filter>
    </ClCompile>
    <ClCompile Include="Render\RHI\D3D12\RHIShaderResource_D3D12.cpp">
      <Filter>源文件\Render\RHI\D3D12</Filter>
    </ClCompile>
  </ItemGroup>
  <ItemGroup>
    <ResourceCompile Include="RenderCore.rc">
      <Filter>资源文件</Filter>
    </ResourceCompile>
  </ItemGroup>
  <ItemGroup>
    <Image Include="small.ico">
      <Filter>资源文件</Filter>
    </Image>
    <Image Include="RenderCore.ico">
      <Filter>资源文件</Filter>
    </Image>
  </ItemGroup>
  <ItemGroup>
    <FxCompile Include="Shaders\BasePassPS.hlsl">
      <Filter>Shaders</Filter>
    </FxCompile>
    <FxCompile Include="Shaders\BasePassVS.hlsl">
      <Filter>Shaders</Filter>
    </FxCompile>
    <FxCompile Include="Shaders\DepthVS.hlsl">
      <Filter>Shaders</Filter>
    </FxCompile>
    <FxCompile Include="Shaders\DepthPS.hlsl">
      <Filter>Shaders</Filter>
    </FxCompile>
    <FxCompile Include="Shaders\SkinnedMeshPS.hlsl">
      <Filter>Shaders</Filter>
    </FxCompile>
    <FxCompile Include="Shaders\SkinnedMeshVS.hlsl">
      <Filter>Shaders</Filter>
    </FxCompile>
    <FxCompile Include="Shaders\ScreenPS.hlsl">
      <Filter>Shaders</Filter>
    </FxCompile>
    <FxCompile Include="Shaders\ScreenVS.hlsl">
      <Filter>Shaders</Filter>
    </FxCompile>
    <FxCompile Include="Shaders\BloomSetUpPS.hlsl">
      <Filter>Shaders</Filter>
    </FxCompile>
    <FxCompile Include="Shaders\BloomDownPS.hlsl">
      <Filter>Shaders</Filter>
    </FxCompile>
    <FxCompile Include="Shaders\BloomUpPS.hlsl">
      <Filter>Shaders</Filter>
    </FxCompile>
    <FxCompile Include="Shaders\CombineLUTsPS.hlsl">
      <Filter>Shaders</Filter>
    </FxCompile>
    <FxCompile Include="Shaders\ToneMapPS.hlsl">
      <Filter>Shaders</Filter>
    </FxCompile>
    <FxCompile Include="Shaders\BloomSunMergePS.hlsl">
      <Filter>Shaders</Filter>
    </FxCompile>
  </ItemGroup>
  <ItemGroup>
    <None Include="Shaders\Lighting.hlsli">
      <Filter>Shaders</Filter>
    </None>
    <None Include="Shaders\BasePassRS.hlsli">
      <Filter>Shaders</Filter>
    </None>
    <None Include="Shaders\DepthRS.hlsli">
      <Filter>Shaders</Filter>
    </None>
    <None Include="Shaders\Common.hlsli">
      <Filter>Shaders</Filter>
    </None>
    <None Include="Shaders\SkinnedMeshRS.hlsli">
      <Filter>Shaders</Filter>
    </None>
    <None Include="Shaders\ScreenRS.hlsli">
      <Filter>Shaders</Filter>
    </None>
    <None Include="Shaders\PostProcess_BloomUpRS.hlsli">
      <Filter>Shaders</Filter>
    </None>
    <None Include="Shaders\PostProcess_CombineLUTs.hlsli">
      <Filter>Shaders</Filter>
    </None>
    <None Include="Shaders\ACES.hlsli">
      <Filter>Shaders</Filter>
    </None>
  </ItemGroup>
</Project>